
Microsoft Visual Studio Solution File, Format Version 12.00
# Visual Studio Version 17
VisualStudioVersion = 17.13.35828.75 d17.13
MinimumVisualStudioVersion = 10.0.40219.1
Project("{FAE04EC0-301F-11D3-BF4B-00C04F79EFBC}") = "Kriptoloji", "Kriptoloji\Kriptoloji.csproj", "{647E7F15-A163-41D0-BBA4-C1DF9610CF09}"
EndProject
Global
	GlobalSection(SolutionConfigurationPlatforms) = preSolution
		Debug|Any CPU = Debug|Any CPU
		Release|Any CPU = Release|Any CPU
	EndGlobalSection
	GlobalSection(ProjectConfigurationPlatforms) = postSolution
		{647E7F15-A163-41D0-BBA4-C1DF9610CF09}.Debug|Any CPU.ActiveCfg = Debug|Any CPU
		{647E7F15-A163-41D0-BBA4-C1DF9610CF09}.Debug|Any CPU.Build.0 = Debug|Any CPU
		{647E7F15-A163-41D0-BBA4-C1DF9610CF09}.Release|Any CPU.ActiveCfg = Release|Any CPU
		{647E7F15-A163-41D0-BBA4-C1DF9610CF09}.Release|Any CPU.Build.0 = Release|Any CPU
	EndGlobalSection
	GlobalSection(SolutionProperties) = preSolution
		HideSolutionNode = FALSE
	EndGlobalSection
	GlobalSection(ExtensibilityGlobals) = postSolution
		SolutionGuid = {A606ADD1-D9BD-4C52-9C01-1470FA076D67}
	EndGlobalSection
EndGlobal
